
Microsoft Visual Studio Solution File, Format Version 12.00
# Visual Studio Version 17
VisualStudioVersion = 17.3.32922.545
MinimumVisualStudioVersion = 10.0.40219.1
Project("{9A19103F-16F7-4668-BE54-9A1E7A4F7556}") = "EliteSharp.WinForms", "src\EliteSharp.WinForms\EliteSharp.WinForms.csproj", "{E9991F40-6098-4F02-8FF1-94BC15C849C4}"
EndProject
Project("{9A19103F-16F7-4668-BE54-9A1E7A4F7556}") = "EliteSharp", "src\EliteSharp\EliteSharp.csproj", "{72055A4A-5224-466A-9E19-6FDF89B9650A}"
EndProject
Project("{2150E333-8FDC-42A3-9474-1A3956D46DE8}") = "docs", "docs", "{04F98D02-06AE-4A39-AB4A-47AE9856AA01}"
	ProjectSection(SolutionItems) = preProject
		docs\config.md = docs\config.md
		docs\issues.md = docs\issues.md
		docs\readme.md = docs\readme.md
	EndProjectSection
EndProject
Project("{2150E333-8FDC-42A3-9474-1A3956D46DE8}") = "Solution Items", "Solution Items", "{AACE1DCA-34C2-464C-96D7-8D73B86FD819}"
	ProjectSection(SolutionItems) = preProject
		.editorconfig = .editorconfig
		.gitattributes = .gitattributes
		.gitignore = .gitignore
	EndProjectSection
EndProject
Project("{9A19103F-16F7-4668-BE54-9A1E7A4F7556}") = "EliteSharp.Tests", "test\EliteSharp.Tests\EliteSharp.Tests.csproj", "{D9C4A414-9A4E-4139-9510-0FC8CE95DCA0}"
EndProject
Project("{FAE04EC0-301F-11D3-BF4B-00C04F79EFBC}") = "EliteSharp.Benchmarks", "test\EliteSharp.Benchmarks\EliteSharp.Benchmarks.csproj", "{FE09F2A0-C010-486C-A176-96BA409398CE}"
EndProject
Global
	GlobalSection(SolutionConfigurationPlatforms) = preSolution
		Debug|Any CPU = Debug|Any CPU
		Release|Any CPU = Release|Any CPU
	EndGlobalSection
	GlobalSection(ProjectConfigurationPlatforms) = postSolution
		{E9991F40-6098-4F02-8FF1-94BC15C849C4}.Debug|Any CPU.ActiveCfg = Debug|Any CPU
		{E9991F40-6098-4F02-8FF1-94BC15C849C4}.Debug|Any CPU.Build.0 = Debug|Any CPU
		{E9991F40-6098-4F02-8FF1-94BC15C849C4}.Release|Any CPU.ActiveCfg = Release|Any CPU
		{E9991F40-6098-4F02-8FF1-94BC15C849C4}.Release|Any CPU.Build.0 = Release|Any CPU
		{72055A4A-5224-466A-9E19-6FDF89B9650A}.Debug|Any CPU.ActiveCfg = Debug|Any CPU
		{72055A4A-5224-466A-9E19-6FDF89B9650A}.Debug|Any CPU.Build.0 = Debug|Any CPU
		{72055A4A-5224-466A-9E19-6FDF89B9650A}.Release|Any CPU.ActiveCfg = Release|Any CPU
		{72055A4A-5224-466A-9E19-6FDF89B9650A}.Release|Any CPU.Build.0 = Release|Any CPU
		{D9C4A414-9A4E-4139-9510-0FC8CE95DCA0}.Debug|Any CPU.ActiveCfg = Debug|Any CPU
		{D9C4A414-9A4E-4139-9510-0FC8CE95DCA0}.Debug|Any CPU.Build.0 = Debug|Any CPU
		{D9C4A414-9A4E-4139-9510-0FC8CE95DCA0}.Release|Any CPU.ActiveCfg = Release|Any CPU
		{D9C4A414-9A4E-4139-9510-0FC8CE95DCA0}.Release|Any CPU.Build.0 = Release|Any CPU
		{FE09F2A0-C010-486C-A176-96BA409398CE}.Debug|Any CPU.ActiveCfg = Debug|Any CPU
		{FE09F2A0-C010-486C-A176-96BA409398CE}.Debug|Any CPU.Build.0 = Debug|Any CPU
		{FE09F2A0-C010-486C-A176-96BA409398CE}.Release|Any CPU.ActiveCfg = Release|Any CPU
		{FE09F2A0-C010-486C-A176-96BA409398CE}.Release|Any CPU.Build.0 = Release|Any CPU
	EndGlobalSection
	GlobalSection(SolutionProperties) = preSolution
		HideSolutionNode = FALSE
	EndGlobalSection
	GlobalSection(ExtensibilityGlobals) = postSolution
		SolutionGuid = {ED87E059-B16F-490F-87DD-3831F8603138}
	EndGlobalSection
EndGlobal
